
Microsoft Visual Studio Solution File, Format Version 12.00
# Visual Studio Version 17
VisualStudioVersion = 17.3.32825.248
MinimumVisualStudioVersion = 10.0.40219.1
Project("{FAE04EC0-301F-11D3-BF4B-00C04F79EFBC}") = "OhtaPark", "OhtaPark\OhtaPark.csproj", "{A9DEC1A7-3B82-4809-BF02-682B4C920C9B}"
EndProject
Global
	GlobalSection(SolutionConfigurationPlatforms) = preSolution
		Debug|Any CPU = Debug|Any CPU
		Release|Any CPU = Release|Any CPU
	EndGlobalSection
	GlobalSection(ProjectConfigurationPlatforms) = postSolution
		{A9DEC1A7-3B82-4809-BF02-682B4C920C9B}.Debug|Any CPU.ActiveCfg = Debug|Any CPU
		{A9DEC1A7-3B82-4809-BF02-682B4C920C9B}.Debug|Any CPU.Build.0 = Debug|Any CPU
		{A9DEC1A7-3B82-4809-BF02-682B4C920C9B}.Release|Any CPU.ActiveCfg = Release|Any CPU
		{A9DEC1A7-3B82-4809-BF02-682B4C920C9B}.Release|Any CPU.Build.0 = Release|Any CPU
	EndGlobalSection
	GlobalSection(SolutionProperties) = preSolution
		HideSolutionNode = FALSE
	EndGlobalSection
	GlobalSection(ExtensibilityGlobals) = postSolution
		SolutionGuid = {EE55ED0B-9DFE-40AB-B176-DFB99B0A71C9}
	EndGlobalSection
EndGlobal
